
Microsoft Visual Studio Solution File, Format Version 12.00
# Visual Studio Version 16
VisualStudioVersion = 16.0.32901.82
MinimumVisualStudioVersion = 10.0.40219.1
Project("{FAE04EC0-301F-11D3-BF4B-00C04F79EFBC}") = "SystemInformation", "SystemInformation.csproj", "{3CFE600A-B502-4CCA-AD55-68EEF9B49332}"
EndProject
Global
	GlobalSection(SolutionConfigurationPlatforms) = preSolution
		Debug|Any CPU = Debug|Any CPU
		Release|Any CPU = Release|Any CPU
	EndGlobalSection
	GlobalSection(ProjectConfigurationPlatforms) = postSolution
		{3CFE600A-B502-4CCA-AD55-68EEF9B49332}.Debug|Any CPU.ActiveCfg = Debug|Any CPU
		{3CFE600A-B502-4CCA-AD55-68EEF9B49332}.Debug|Any CPU.Build.0 = Debug|Any CPU
		{3CFE600A-B502-4CCA-AD55-68EEF9B49332}.Release|Any CPU.ActiveCfg = Release|Any CPU
		{3CFE600A-B502-4CCA-AD55-68EEF9B49332}.Release|Any CPU.Build.0 = Release|Any CPU
	EndGlobalSection
	GlobalSection(SolutionProperties) = preSolution
		HideSolutionNode = FALSE
	EndGlobalSection
	GlobalSection(ExtensibilityGlobals) = postSolution
		SolutionGuid = {EC763CD3-3D96-4A53-B146-E7F7C18054E7}
	EndGlobalSection
EndGlobal
