
Microsoft Visual Studio Solution File, Format Version 12.00
# Visual Studio Version 16
VisualStudioVersion = 16.0.32901.82
MinimumVisualStudioVersion = 10.0.40219.1
Project("{FAE04EC0-301F-11D3-BF4B-00C04F79EFBC}") = "ExcelReader", "ExcelReader.csproj", "{A94EECB5-D88A-4DB5-837B-E286B4D5B012}"
EndProject
Global
	GlobalSection(SolutionConfigurationPlatforms) = preSolution
		Debug|Any CPU = Debug|Any CPU
		Release|Any CPU = Release|Any CPU
	EndGlobalSection
	GlobalSection(ProjectConfigurationPlatforms) = postSolution
		{A94EECB5-D88A-4DB5-837B-E286B4D5B012}.Debug|Any CPU.ActiveCfg = Debug|Any CPU
		{A94EECB5-D88A-4DB5-837B-E286B4D5B012}.Debug|Any CPU.Build.0 = Debug|Any CPU
		{A94EECB5-D88A-4DB5-837B-E286B4D5B012}.Release|Any CPU.ActiveCfg = Release|Any CPU
		{A94EECB5-D88A-4DB5-837B-E286B4D5B012}.Release|Any CPU.Build.0 = Release|Any CPU
	EndGlobalSection
	GlobalSection(SolutionProperties) = preSolution
		HideSolutionNode = FALSE
	EndGlobalSection
	GlobalSection(ExtensibilityGlobals) = postSolution
		SolutionGuid = {0B7C20B1-7883-4DE7-B1F9-B9C8A184AF12}
	EndGlobalSection
EndGlobal
