
Microsoft Visual Studio Solution File, Format Version 12.00
# Visual Studio Version 16
VisualStudioVersion = 16.0.32901.82
MinimumVisualStudioVersion = 10.0.40219.1
Project("{FAE04EC0-301F-11D3-BF4B-00C04F79EFBC}") = "XMLParameterSelection", "XMLParameterSelection.csproj", "{122C8E9B-7D8F-44FC-BD3A-038637FD7017}"
EndProject
Global
	GlobalSection(SolutionConfigurationPlatforms) = preSolution
		Debug|Any CPU = Debug|Any CPU
		Release|Any CPU = Release|Any CPU
	EndGlobalSection
	GlobalSection(ProjectConfigurationPlatforms) = postSolution
		{122C8E9B-7D8F-44FC-BD3A-038637FD7017}.Debug|Any CPU.ActiveCfg = Debug|Any CPU
		{122C8E9B-7D8F-44FC-BD3A-038637FD7017}.Debug|Any CPU.Build.0 = Debug|Any CPU
		{122C8E9B-7D8F-44FC-BD3A-038637FD7017}.Release|Any CPU.ActiveCfg = Release|Any CPU
		{122C8E9B-7D8F-44FC-BD3A-038637FD7017}.Release|Any CPU.Build.0 = Release|Any CPU
	EndGlobalSection
	GlobalSection(SolutionProperties) = preSolution
		HideSolutionNode = FALSE
	EndGlobalSection
	GlobalSection(ExtensibilityGlobals) = postSolution
		SolutionGuid = {3D501497-5656-4E36-B571-5189FCEC56A0}
	EndGlobalSection
EndGlobal
