
Microsoft Visual Studio Solution File, Format Version 12.00
# Visual Studio Version 16
VisualStudioVersion = 16.0.32901.82
MinimumVisualStudioVersion = 10.0.40219.1
Project("{FAE04EC0-301F-11D3-BF4B-00C04F79EFBC}") = "DataPacketsWithInheritance", "DataPacketsWithInheritance.csproj", "{8A479FED-DE71-4F6D-88E7-9476E26B9D26}"
EndProject
Global
	GlobalSection(SolutionConfigurationPlatforms) = preSolution
		Debug|Any CPU = Debug|Any CPU
		Release|Any CPU = Release|Any CPU
	EndGlobalSection
	GlobalSection(ProjectConfigurationPlatforms) = postSolution
		{8A479FED-DE71-4F6D-88E7-9476E26B9D26}.Debug|Any CPU.ActiveCfg = Debug|Any CPU
		{8A479FED-DE71-4F6D-88E7-9476E26B9D26}.Debug|Any CPU.Build.0 = Debug|Any CPU
		{8A479FED-DE71-4F6D-88E7-9476E26B9D26}.Release|Any CPU.ActiveCfg = Release|Any CPU
		{8A479FED-DE71-4F6D-88E7-9476E26B9D26}.Release|Any CPU.Build.0 = Release|Any CPU
	EndGlobalSection
	GlobalSection(SolutionProperties) = preSolution
		HideSolutionNode = FALSE
	EndGlobalSection
	GlobalSection(ExtensibilityGlobals) = postSolution
		SolutionGuid = {1359A3A9-6FED-4ACA-AB13-A39B941C1C8E}
	EndGlobalSection
EndGlobal
