
Microsoft Visual Studio Solution File, Format Version 12.00
# Visual Studio Version 16
VisualStudioVersion = 16.0.32901.82
MinimumVisualStudioVersion = 10.0.40219.1
Project("{FAE04EC0-301F-11D3-BF4B-00C04F79EFBC}") = "ChartZooming", "ChartZooming.csproj", "{F23DF4D8-B58B-40E0-ADF2-ACFE32102440}"
EndProject
Global
	GlobalSection(SolutionConfigurationPlatforms) = preSolution
		Debug|Any CPU = Debug|Any CPU
		Release|Any CPU = Release|Any CPU
	EndGlobalSection
	GlobalSection(ProjectConfigurationPlatforms) = postSolution
		{F23DF4D8-B58B-40E0-ADF2-ACFE32102440}.Debug|Any CPU.ActiveCfg = Debug|Any CPU
		{F23DF4D8-B58B-40E0-ADF2-ACFE32102440}.Debug|Any CPU.Build.0 = Debug|Any CPU
		{F23DF4D8-B58B-40E0-ADF2-ACFE32102440}.Release|Any CPU.ActiveCfg = Release|Any CPU
		{F23DF4D8-B58B-40E0-ADF2-ACFE32102440}.Release|Any CPU.Build.0 = Release|Any CPU
	EndGlobalSection
	GlobalSection(SolutionProperties) = preSolution
		HideSolutionNode = FALSE
	EndGlobalSection
	GlobalSection(ExtensibilityGlobals) = postSolution
		SolutionGuid = {0703924B-7B90-496F-953E-780FC6266065}
	EndGlobalSection
EndGlobal
