
Microsoft Visual Studio Solution File, Format Version 12.00
# Visual Studio Version 16
VisualStudioVersion = 16.0.32901.82
MinimumVisualStudioVersion = 10.0.40219.1
Project("{FAE04EC0-301F-11D3-BF4B-00C04F79EFBC}") = "YesNoForm", "YesNoForm.csproj", "{1C0588AC-1B38-4DF8-8A2F-155C1CF33BDC}"
EndProject
Global
	GlobalSection(SolutionConfigurationPlatforms) = preSolution
		Debug|Any CPU = Debug|Any CPU
		Release|Any CPU = Release|Any CPU
	EndGlobalSection
	GlobalSection(ProjectConfigurationPlatforms) = postSolution
		{1C0588AC-1B38-4DF8-8A2F-155C1CF33BDC}.Debug|Any CPU.ActiveCfg = Debug|Any CPU
		{1C0588AC-1B38-4DF8-8A2F-155C1CF33BDC}.Debug|Any CPU.Build.0 = Debug|Any CPU
		{1C0588AC-1B38-4DF8-8A2F-155C1CF33BDC}.Release|Any CPU.ActiveCfg = Release|Any CPU
		{1C0588AC-1B38-4DF8-8A2F-155C1CF33BDC}.Release|Any CPU.Build.0 = Release|Any CPU
	EndGlobalSection
	GlobalSection(SolutionProperties) = preSolution
		HideSolutionNode = FALSE
	EndGlobalSection
	GlobalSection(ExtensibilityGlobals) = postSolution
		SolutionGuid = {2957772B-F7B3-4B3A-B86D-F9DCF8CB1358}
	EndGlobalSection
EndGlobal
