
Microsoft Visual Studio Solution File, Format Version 12.00
# Visual Studio Version 16
VisualStudioVersion = 16.0.32901.82
MinimumVisualStudioVersion = 10.0.40219.1
Project("{FAE04EC0-301F-11D3-BF4B-00C04F79EFBC}") = "CustomMessageBox", "CustomMessageBox.csproj", "{A98A9633-97C4-4853-8F2C-02568358A49C}"
EndProject
Global
	GlobalSection(SolutionConfigurationPlatforms) = preSolution
		Debug|Any CPU = Debug|Any CPU
		Release|Any CPU = Release|Any CPU
	EndGlobalSection
	GlobalSection(ProjectConfigurationPlatforms) = postSolution
		{A98A9633-97C4-4853-8F2C-02568358A49C}.Debug|Any CPU.ActiveCfg = Debug|Any CPU
		{A98A9633-97C4-4853-8F2C-02568358A49C}.Debug|Any CPU.Build.0 = Debug|Any CPU
		{A98A9633-97C4-4853-8F2C-02568358A49C}.Release|Any CPU.ActiveCfg = Release|Any CPU
		{A98A9633-97C4-4853-8F2C-02568358A49C}.Release|Any CPU.Build.0 = Release|Any CPU
	EndGlobalSection
	GlobalSection(SolutionProperties) = preSolution
		HideSolutionNode = FALSE
	EndGlobalSection
	GlobalSection(ExtensibilityGlobals) = postSolution
		SolutionGuid = {8D0F47F8-1D5C-4771-941F-118F6097BF7E}
	EndGlobalSection
EndGlobal
