
Microsoft Visual Studio Solution File, Format Version 12.00
# Visual Studio Version 16
VisualStudioVersion = 16.0.32901.82
MinimumVisualStudioVersion = 10.0.40219.1
Project("{FAE04EC0-301F-11D3-BF4B-00C04F79EFBC}") = "DirectorySize", "DirectorySize.csproj", "{D5AFB5F9-C59D-4422-A450-215EE7E296EC}"
EndProject
Global
	GlobalSection(SolutionConfigurationPlatforms) = preSolution
		Debug|Any CPU = Debug|Any CPU
		Release|Any CPU = Release|Any CPU
	EndGlobalSection
	GlobalSection(ProjectConfigurationPlatforms) = postSolution
		{D5AFB5F9-C59D-4422-A450-215EE7E296EC}.Debug|Any CPU.ActiveCfg = Debug|Any CPU
		{D5AFB5F9-C59D-4422-A450-215EE7E296EC}.Debug|Any CPU.Build.0 = Debug|Any CPU
		{D5AFB5F9-C59D-4422-A450-215EE7E296EC}.Release|Any CPU.ActiveCfg = Release|Any CPU
		{D5AFB5F9-C59D-4422-A450-215EE7E296EC}.Release|Any CPU.Build.0 = Release|Any CPU
	EndGlobalSection
	GlobalSection(SolutionProperties) = preSolution
		HideSolutionNode = FALSE
	EndGlobalSection
	GlobalSection(ExtensibilityGlobals) = postSolution
		SolutionGuid = {B75A771D-3A19-44A5-8F07-FE816B2A2804}
	EndGlobalSection
EndGlobal
