
Microsoft Visual Studio Solution File, Format Version 12.00
# Visual Studio Version 16
VisualStudioVersion = 16.0.32901.82
MinimumVisualStudioVersion = 10.0.40219.1
Project("{FAE04EC0-301F-11D3-BF4B-00C04F79EFBC}") = "PointChartWithCanvasJS", "PointChartWithCanvasJS.csproj", "{60E695D6-F6BD-422F-859E-AC97A350F07F}"
EndProject
Global
	GlobalSection(SolutionConfigurationPlatforms) = preSolution
		Debug|Any CPU = Debug|Any CPU
		Release|Any CPU = Release|Any CPU
	EndGlobalSection
	GlobalSection(ProjectConfigurationPlatforms) = postSolution
		{60E695D6-F6BD-422F-859E-AC97A350F07F}.Debug|Any CPU.ActiveCfg = Debug|Any CPU
		{60E695D6-F6BD-422F-859E-AC97A350F07F}.Debug|Any CPU.Build.0 = Debug|Any CPU
		{60E695D6-F6BD-422F-859E-AC97A350F07F}.Release|Any CPU.ActiveCfg = Release|Any CPU
		{60E695D6-F6BD-422F-859E-AC97A350F07F}.Release|Any CPU.Build.0 = Release|Any CPU
	EndGlobalSection
	GlobalSection(SolutionProperties) = preSolution
		HideSolutionNode = FALSE
	EndGlobalSection
	GlobalSection(ExtensibilityGlobals) = postSolution
		SolutionGuid = {788896BE-3BF6-4F36-8616-93B1940F99F7}
	EndGlobalSection
EndGlobal
