
Microsoft Visual Studio Solution File, Format Version 12.00
# Visual Studio Version 16
VisualStudioVersion = 16.0.32901.82
MinimumVisualStudioVersion = 10.0.40219.1
Project("{FAE04EC0-301F-11D3-BF4B-00C04F79EFBC}") = "CreateControlPanel", "CreateControlPanel.csproj", "{FD3AE14B-1E43-4127-B097-F211C271C179}"
EndProject
Global
	GlobalSection(SolutionConfigurationPlatforms) = preSolution
		Debug|Any CPU = Debug|Any CPU
		Release|Any CPU = Release|Any CPU
	EndGlobalSection
	GlobalSection(ProjectConfigurationPlatforms) = postSolution
		{FD3AE14B-1E43-4127-B097-F211C271C179}.Debug|Any CPU.ActiveCfg = Debug|Any CPU
		{FD3AE14B-1E43-4127-B097-F211C271C179}.Debug|Any CPU.Build.0 = Debug|Any CPU
		{FD3AE14B-1E43-4127-B097-F211C271C179}.Release|Any CPU.ActiveCfg = Release|Any CPU
		{FD3AE14B-1E43-4127-B097-F211C271C179}.Release|Any CPU.Build.0 = Release|Any CPU
	EndGlobalSection
	GlobalSection(SolutionProperties) = preSolution
		HideSolutionNode = FALSE
	EndGlobalSection
	GlobalSection(ExtensibilityGlobals) = postSolution
		SolutionGuid = {F44766FB-AF95-459C-9BA3-048076D60296}
	EndGlobalSection
EndGlobal
